
Microsoft Visual Studio Solution File, Format Version 12.00
# Visual Studio Version 17
VisualStudioVersion = 17.4.33213.308
MinimumVisualStudioVersion = 10.0.40219.1
Project("{FAE04EC0-301F-11D3-BF4B-00C04F79EFBC}") = "Class 122 Midterm", "Class 122 Midterm.csproj", "{5A84D803-AB94-498E-958B-A63846F344CD}"
EndProject
Global
	GlobalSection(SolutionConfigurationPlatforms) = preSolution
		Debug|Any CPU = Debug|Any CPU
		Release|Any CPU = Release|Any CPU
	EndGlobalSection
	GlobalSection(ProjectConfigurationPlatforms) = postSolution
		{5A84D803-AB94-498E-958B-A63846F344CD}.Debug|Any CPU.ActiveCfg = Debug|Any CPU
		{5A84D803-AB94-498E-958B-A63846F344CD}.Debug|Any CPU.Build.0 = Debug|Any CPU
		{5A84D803-AB94-498E-958B-A63846F344CD}.Release|Any CPU.ActiveCfg = Release|Any CPU
		{5A84D803-AB94-498E-958B-A63846F344CD}.Release|Any CPU.Build.0 = Release|Any CPU
	EndGlobalSection
	GlobalSection(SolutionProperties) = preSolution
		HideSolutionNode = FALSE
	EndGlobalSection
	GlobalSection(ExtensibilityGlobals) = postSolution
		SolutionGuid = {3AD91EC2-010E-440C-A490-3D3D02ADE98F}
	EndGlobalSection
EndGlobal
